// !$*UTF8*$!
{
	archiveVersion = 1;
	classes = {
	};
	objectVersion = 50;
	objects = {

/* Begin PBXBuildFile section */
		9419A44D261D9E08000B4F81 /* FeedStoreSpecs.swift in Sources */ = {isa = PBXBuildFile; fileRef = 9419A44C261D9E08000B4F81 /* FeedStoreSpecs.swift */; };
		9419A452261D9EF5000B4F81 /* XCTestCase+FeedStoreSpecs.swift in Sources */ = {isa = PBXBuildFile; fileRef = 9419A451261D9EF5000B4F81 /* XCTestCase+FeedStoreSpecs.swift */; };
		9419A457261DA061000B4F81 /* XCTestCase+FailableDeleteFeedStoreSpecs.swift in Sources */ = {isa = PBXBuildFile; fileRef = 9419A456261DA061000B4F81 /* XCTestCase+FailableDeleteFeedStoreSpecs.swift */; };
		9419A45C261DA083000B4F81 /* XCTestCase+FailableInsertFeedStoreSpecs.swift in Sources */ = {isa = PBXBuildFile; fileRef = 9419A45B261DA083000B4F81 /* XCTestCase+FailableInsertFeedStoreSpecs.swift */; };
		9419A461261DA0A8000B4F81 /* XCTestCase+FailableRetrieveFeedStoreSpecs.swift in Sources */ = {isa = PBXBuildFile; fileRef = 9419A460261DA0A8000B4F81 /* XCTestCase+FailableRetrieveFeedStoreSpecs.swift */; };
		943A54B52668FE89002433A9 /* FeedImageDataLoader.swift in Sources */ = {isa = PBXBuildFile; fileRef = 943A54B42668FE89002433A9 /* FeedImageDataLoader.swift */; };
		943A54BE2668FF15002433A9 /* UIImage+TestHelpers.swift in Sources */ = {isa = PBXBuildFile; fileRef = 943A54BD2668FF15002433A9 /* UIImage+TestHelpers.swift */; };
		943A54C02668FF4B002433A9 /* UIRefreshControl+TestHelpers.swift in Sources */ = {isa = PBXBuildFile; fileRef = 943A54BF2668FF4B002433A9 /* UIRefreshControl+TestHelpers.swift */; };
		943A54C22668FF7D002433A9 /* UIButton+TestHelpers.swift in Sources */ = {isa = PBXBuildFile; fileRef = 943A54C12668FF7D002433A9 /* UIButton+TestHelpers.swift */; };
		943A54C42668FFBE002433A9 /* UIControl+TestHelpers.swift in Sources */ = {isa = PBXBuildFile; fileRef = 943A54C32668FFBE002433A9 /* UIControl+TestHelpers.swift */; };
		943A54C6266900B7002433A9 /* FeedViewController+TestHelpers.swift in Sources */ = {isa = PBXBuildFile; fileRef = 943A54C5266900B7002433A9 /* FeedViewController+TestHelpers.swift */; };
		943A54C82669011D002433A9 /* FeedImageCell+TestHelpers.swift in Sources */ = {isa = PBXBuildFile; fileRef = 943A54C72669011D002433A9 /* FeedImageCell+TestHelpers.swift */; };
		943A54CA26690154002433A9 /* FeedViewControllerTests+LoaderSpy.swift in Sources */ = {isa = PBXBuildFile; fileRef = 943A54C926690154002433A9 /* FeedViewControllerTests+LoaderSpy.swift */; };
		943A54CC266901BB002433A9 /* FeedViewControllerTests+Assertions.swift in Sources */ = {isa = PBXBuildFile; fileRef = 943A54CB266901BB002433A9 /* FeedViewControllerTests+Assertions.swift */; };
		943A54CE26690446002433A9 /* FeedRefreshViewController.swift in Sources */ = {isa = PBXBuildFile; fileRef = 943A54CD26690446002433A9 /* FeedRefreshViewController.swift */; };
		943A54D0266906AB002433A9 /* FeedImageCellController.swift in Sources */ = {isa = PBXBuildFile; fileRef = 943A54CF266906AB002433A9 /* FeedImageCellController.swift */; };
		943A54D3266908AA002433A9 /* FeedUIComposer.swift in Sources */ = {isa = PBXBuildFile; fileRef = 943A54D2266908AA002433A9 /* FeedUIComposer.swift */; };
		943A54D826696219002433A9 /* FeedImageViewModel.swift in Sources */ = {isa = PBXBuildFile; fileRef = 943A54D726696219002433A9 /* FeedImageViewModel.swift */; };
		94651FF62660F23A0029692E /* UIView+Shimmering.swift in Sources */ = {isa = PBXBuildFile; fileRef = 94651FF52660F23A0029692E /* UIView+Shimmering.swift */; };
		9466C5D7268F45D7003A4D59 /* FeedViewControllerTests+Localization.swift in Sources */ = {isa = PBXBuildFile; fileRef = 9466C5D6268F45D7003A4D59 /* FeedViewControllerTests+Localization.swift */; };
		9466C5D8268F4751003A4D59 /* Feed.strings in Resources */ = {isa = PBXBuildFile; fileRef = 9466C5DA268F4751003A4D59 /* Feed.strings */; };
		9466C5DF268F487A003A4D59 /* FeedLocalizationTests.swift in Sources */ = {isa = PBXBuildFile; fileRef = 9466C5DE268F487A003A4D59 /* FeedLocalizationTests.swift */; };
		94700B11268DF3660090C62E /* FeedPresenter.swift in Sources */ = {isa = PBXBuildFile; fileRef = 94700B10268DF3660090C62E /* FeedPresenter.swift */; };
		9471C02725D67CFA00932493 /* HTTPClient.swift in Sources */ = {isa = PBXBuildFile; fileRef = 9471C02625D67CFA00932493 /* HTTPClient.swift */; };
		9471C02B25D67D3800932493 /* FeedItemsMapper.swift in Sources */ = {isa = PBXBuildFile; fileRef = 9471C02A25D67D3800932493 /* FeedItemsMapper.swift */; };
		947B8F2C25CEC1040014C344 /* EssentialFeed.framework in Frameworks */ = {isa = PBXBuildFile; fileRef = 947B8F2225CEC1040014C344 /* EssentialFeed.framework */; };
		947B8F4225CEC1320014C344 /* FeedImage.swift in Sources */ = {isa = PBXBuildFile; fileRef = 947B8F4125CEC1320014C344 /* FeedImage.swift */; };
		947B8F4625CEC13B0014C344 /* FeedLoader.swift in Sources */ = {isa = PBXBuildFile; fileRef = 947B8F4525CEC13B0014C344 /* FeedLoader.swift */; };
		947B8F4C25CEC2550014C344 /* RemoteFeedLoaderTests.swift in Sources */ = {isa = PBXBuildFile; fileRef = 947B8F4B25CEC2550014C344 /* RemoteFeedLoaderTests.swift */; };
		947B8F5125D089900014C344 /* RemoteFeedLoader.swift in Sources */ = {isa = PBXBuildFile; fileRef = 947B8F5025D089900014C344 /* RemoteFeedLoader.swift */; };
		947F175F262436FF00CCED6F /* CoreDataFeedStoreTests.swift in Sources */ = {isa = PBXBuildFile; fileRef = 947F175E262436FF00CCED6F /* CoreDataFeedStoreTests.swift */; };
		947F17642624371200CCED6F /* CoreDataFeedStore.swift in Sources */ = {isa = PBXBuildFile; fileRef = 947F17632624371200CCED6F /* CoreDataFeedStore.swift */; };
		947F176A2624372300CCED6F /* FeedStore.xcdatamodeld in Sources */ = {isa = PBXBuildFile; fileRef = 947F17682624372300CCED6F /* FeedStore.xcdatamodeld */; };
		947F176F2624373700CCED6F /* CoreDataHelpers.swift in Sources */ = {isa = PBXBuildFile; fileRef = 947F176E2624373700CCED6F /* CoreDataHelpers.swift */; };
		947F17742624374200CCED6F /* ManagedCache.swift in Sources */ = {isa = PBXBuildFile; fileRef = 947F17732624374200CCED6F /* ManagedCache.swift */; };
		947F17792624374B00CCED6F /* ManagedFeedImage.swift in Sources */ = {isa = PBXBuildFile; fileRef = 947F17782624374B00CCED6F /* ManagedFeedImage.swift */; };
		9483892525E550990037009E /* URLSessionHTTPClientTests.swift in Sources */ = {isa = PBXBuildFile; fileRef = 9483892425E550990037009E /* URLSessionHTTPClientTests.swift */; };
		94844F6F265FE82400B47297 /* FeedImageCell.swift in Sources */ = {isa = PBXBuildFile; fileRef = 94844F6E265FE82400B47297 /* FeedImageCell.swift */; };
		948E9A79268DFE6600E6BFBB /* FeedImagePresenter.swift in Sources */ = {isa = PBXBuildFile; fileRef = 948E9A78268DFE6600E6BFBB /* FeedImagePresenter.swift */; };
		948E9A7B268DFF3000E6BFBB /* FeedLoadingViewModel.swift in Sources */ = {isa = PBXBuildFile; fileRef = 948E9A7A268DFF3000E6BFBB /* FeedLoadingViewModel.swift */; };
		948E9A7D268DFF4C00E6BFBB /* FeedViewModel.swift in Sources */ = {isa = PBXBuildFile; fileRef = 948E9A7C268DFF4C00E6BFBB /* FeedViewModel.swift */; };
		948E9A7F268E076600E6BFBB /* Feed.storyboard in Resources */ = {isa = PBXBuildFile; fileRef = 948E9A7E268E076600E6BFBB /* Feed.storyboard */; };
		948E9A81268E07D700E6BFBB /* Feed.xcassets in Resources */ = {isa = PBXBuildFile; fileRef = 948E9A80268E07D700E6BFBB /* Feed.xcassets */; };
		948E9A83268E0FB700E6BFBB /* UITableView+Dequeueing.swift.swift in Sources */ = {isa = PBXBuildFile; fileRef = 948E9A82268E0FB700E6BFBB /* UITableView+Dequeueing.swift.swift */; };
		948E9A85268E102100E6BFBB /* UIImageView+Animations.swift in Sources */ = {isa = PBXBuildFile; fileRef = 948E9A84268E102100E6BFBB /* UIImageView+Animations.swift */; };
		9491E8A825EF95CD005F6CE3 /* XCTestCase+MemoryLeakTracking.swift in Sources */ = {isa = PBXBuildFile; fileRef = 9491E8A725EF95CD005F6CE3 /* XCTestCase+MemoryLeakTracking.swift */; };
		9491E8AE25EFC20C005F6CE3 /* URLSessionHTTPClient.swift in Sources */ = {isa = PBXBuildFile; fileRef = 9491E8AD25EFC20C005F6CE3 /* URLSessionHTTPClient.swift */; };
		9491E8B825EFC9B9005F6CE3 /* EssentialFeedAPIEndToEndTests.swift in Sources */ = {isa = PBXBuildFile; fileRef = 9491E8B725EFC9B9005F6CE3 /* EssentialFeedAPIEndToEndTests.swift */; };
		9491E8BA25EFC9B9005F6CE3 /* EssentialFeed.framework in Frameworks */ = {isa = PBXBuildFile; fileRef = 947B8F2225CEC1040014C344 /* EssentialFeed.framework */; };
		9491E8C325EFCD38005F6CE3 /* XCTestCase+MemoryLeakTracking.swift in Sources */ = {isa = PBXBuildFile; fileRef = 9491E8A725EF95CD005F6CE3 /* XCTestCase+MemoryLeakTracking.swift */; };
		94952ADF25F3BFC60095A429 /* CacheFeedUseCaseTests.swift in Sources */ = {isa = PBXBuildFile; fileRef = 94952ADE25F3BFC60095A429 /* CacheFeedUseCaseTests.swift */; };
		949653BD264C05590011143C /* EssentialFeedCacheIntegrationTests.swift in Sources */ = {isa = PBXBuildFile; fileRef = 949653BC264C05590011143C /* EssentialFeedCacheIntegrationTests.swift */; };
		949653BF264C05590011143C /* EssentialFeed.framework in Frameworks */ = {isa = PBXBuildFile; fileRef = 947B8F2225CEC1040014C344 /* EssentialFeed.framework */; };
		949653C5264C06EB0011143C /* XCTestCase+MemoryLeakTracking.swift in Sources */ = {isa = PBXBuildFile; fileRef = 9491E8A725EF95CD005F6CE3 /* XCTestCase+MemoryLeakTracking.swift */; };
		949653C6264C07BC0011143C /* FeedCacheTestHelpers.swift in Sources */ = {isa = PBXBuildFile; fileRef = 949831AB26029E5B003B6C36 /* FeedCacheTestHelpers.swift */; };
		949653C7264C07C60011143C /* SharedTestHelpers.swift in Sources */ = {isa = PBXBuildFile; fileRef = 949831B026029F35003B6C36 /* SharedTestHelpers.swift */; };
		9496A7C4264F0D9F00F69C39 /* EssentialFeed.framework in Frameworks */ = {isa = PBXBuildFile; fileRef = 947B8F2225CEC1040014C344 /* EssentialFeed.framework */; };
		9496A7C5264F0D9F00F69C39 /* EssentialFeed.framework in Embed Frameworks */ = {isa = PBXBuildFile; fileRef = 947B8F2225CEC1040014C344 /* EssentialFeed.framework */; settings = {ATTRIBUTES = (CodeSignOnCopy, RemoveHeadersOnCopy, ); }; };
		9496A7C9264F0F2900F69C39 /* XCTestCase+MemoryLeakTracking.swift in Sources */ = {isa = PBXBuildFile; fileRef = 9491E8A725EF95CD005F6CE3 /* XCTestCase+MemoryLeakTracking.swift */; };
		9496A7CB264F184C00F69C39 /* FeedViewController.swift in Sources */ = {isa = PBXBuildFile; fileRef = 9496A7CA264F184C00F69C39 /* FeedViewController.swift */; };
		949831AC26029E5B003B6C36 /* FeedCacheTestHelpers.swift in Sources */ = {isa = PBXBuildFile; fileRef = 949831AB26029E5B003B6C36 /* FeedCacheTestHelpers.swift */; };
		949831B126029F35003B6C36 /* SharedTestHelpers.swift in Sources */ = {isa = PBXBuildFile; fileRef = 949831B026029F35003B6C36 /* SharedTestHelpers.swift */; };
		949DAED925FA6A4100C64620 /* RemoteFeedItem.swift in Sources */ = {isa = PBXBuildFile; fileRef = 949DAED825FA6A4100C64620 /* RemoteFeedItem.swift */; };
		949DAEDE25FA6A8E00C64620 /* LocalFeedImage.swift in Sources */ = {isa = PBXBuildFile; fileRef = 949DAEDD25FA6A8E00C64620 /* LocalFeedImage.swift */; };
		949E0D7026015AEA0096349A /* ValidateFeedCacheUseCaseTests.swift in Sources */ = {isa = PBXBuildFile; fileRef = 949E0D6F26015AEA0096349A /* ValidateFeedCacheUseCaseTests.swift */; };
		949EA396264EC785002861E8 /* FeedUIIntegrationTest.swift in Sources */ = {isa = PBXBuildFile; fileRef = 949EA395264EC785002861E8 /* FeedUIIntegrationTest.swift */; };
		949EBAFB25FCE64C0010EC8B /* LoadFeedFromCacheUseCaseTests.swift in Sources */ = {isa = PBXBuildFile; fileRef = 949EBAFA25FCE64C0010EC8B /* LoadFeedFromCacheUseCaseTests.swift */; };
		949EBB0225FCEB780010EC8B /* FeedStoreSpy.swift in Sources */ = {isa = PBXBuildFile; fileRef = 949EBB0125FCEB780010EC8B /* FeedStoreSpy.swift */; };
		949F4A8C2605462900F98241 /* FeedCachePolicy.swift in Sources */ = {isa = PBXBuildFile; fileRef = 949F4A8B2605462900F98241 /* FeedCachePolicy.swift */; };
		949FDBF025F957E90008C823 /* LocalFeedLoader.swift in Sources */ = {isa = PBXBuildFile; fileRef = 949FDBEF25F957E90008C823 /* LocalFeedLoader.swift */; };
		949FDBF825F958650008C823 /* FeedStore.swift in Sources */ = {isa = PBXBuildFile; fileRef = 949FDBF725F958650008C823 /* FeedStore.swift */; };
		94AB1F42264EBD7A004587CD /* EssentialFeediOS.framework in Frameworks */ = {isa = PBXBuildFile; fileRef = 94AB1F39264EBD7A004587CD /* EssentialFeediOS.framework */; };
/* End PBXBuildFile section */

/* Begin PBXContainerItemProxy section */
		947B8F2D25CEC1040014C344 /* PBXContainerItemProxy */ = {
			isa = PBXContainerItemProxy;
			containerPortal = 947B8F1925CEC1040014C344 /* Project object */;
			proxyType = 1;
			remoteGlobalIDString = 947B8F2125CEC1040014C344;
			remoteInfo = EssentialFeed;
		};
		9491E8BB25EFC9B9005F6CE3 /* PBXContainerItemProxy */ = {
			isa = PBXContainerItemProxy;
			containerPortal = 947B8F1925CEC1040014C344 /* Project object */;
			proxyType = 1;
			remoteGlobalIDString = 947B8F2125CEC1040014C344;
			remoteInfo = EssentialFeed;
		};
		949653C0264C05590011143C /* PBXContainerItemProxy */ = {
			isa = PBXContainerItemProxy;
			containerPortal = 947B8F1925CEC1040014C344 /* Project object */;
			proxyType = 1;
			remoteGlobalIDString = 947B8F2125CEC1040014C344;
			remoteInfo = EssentialFeed;
		};
		9496A7C6264F0D9F00F69C39 /* PBXContainerItemProxy */ = {
			isa = PBXContainerItemProxy;
			containerPortal = 947B8F1925CEC1040014C344 /* Project object */;
			proxyType = 1;
			remoteGlobalIDString = 947B8F2125CEC1040014C344;
			remoteInfo = EssentialFeed;
		};
		94AB1F43264EBD7A004587CD /* PBXContainerItemProxy */ = {
			isa = PBXContainerItemProxy;
			containerPortal = 947B8F1925CEC1040014C344 /* Project object */;
			proxyType = 1;
			remoteGlobalIDString = 94AB1F38264EBD7A004587CD;
			remoteInfo = EssentialFeediOS;
		};
/* End PBXContainerItemProxy section */

/* Begin PBXCopyFilesBuildPhase section */
		9496A7C8264F0D9F00F69C39 /* Embed Frameworks */ = {
			isa = PBXCopyFilesBuildPhase;
			buildActionMask = 2147483647;
			dstPath = "";
			dstSubfolderSpec = 10;
			files = (
				9496A7C5264F0D9F00F69C39 /* EssentialFeed.framework in Embed Frameworks */,
			);
			name = "Embed Frameworks";
			runOnlyForDeploymentPostprocessing = 0;
		};
/* End PBXCopyFilesBuildPhase section */

/* Begin PBXFileReference section */
		9419A44C261D9E08000B4F81 /* FeedStoreSpecs.swift */ = {isa = PBXFileReference; lastKnownFileType = sourcecode.swift; path = FeedStoreSpecs.swift; sourceTree = "<group>"; };
		9419A451261D9EF5000B4F81 /* XCTestCase+FeedStoreSpecs.swift */ = {isa = PBXFileReference; lastKnownFileType = sourcecode.swift; path = "XCTestCase+FeedStoreSpecs.swift"; sourceTree = "<group>"; };
		9419A456261DA061000B4F81 /* XCTestCase+FailableDeleteFeedStoreSpecs.swift */ = {isa = PBXFileReference; lastKnownFileType = sourcecode.swift; path = "XCTestCase+FailableDeleteFeedStoreSpecs.swift"; sourceTree = "<group>"; };
		9419A45B261DA083000B4F81 /* XCTestCase+FailableInsertFeedStoreSpecs.swift */ = {isa = PBXFileReference; lastKnownFileType = sourcecode.swift; path = "XCTestCase+FailableInsertFeedStoreSpecs.swift"; sourceTree = "<group>"; };
		9419A460261DA0A8000B4F81 /* XCTestCase+FailableRetrieveFeedStoreSpecs.swift */ = {isa = PBXFileReference; lastKnownFileType = sourcecode.swift; path = "XCTestCase+FailableRetrieveFeedStoreSpecs.swift"; sourceTree = "<group>"; };
		943A54B42668FE89002433A9 /* FeedImageDataLoader.swift */ = {isa = PBXFileReference; lastKnownFileType = sourcecode.swift; path = FeedImageDataLoader.swift; sourceTree = "<group>"; };
		943A54BD2668FF15002433A9 /* UIImage+TestHelpers.swift */ = {isa = PBXFileReference; lastKnownFileType = sourcecode.swift; path = "UIImage+TestHelpers.swift"; sourceTree = "<group>"; };
		943A54BF2668FF4B002433A9 /* UIRefreshControl+TestHelpers.swift */ = {isa = PBXFileReference; lastKnownFileType = sourcecode.swift; path = "UIRefreshControl+TestHelpers.swift"; sourceTree = "<group>"; };
		943A54C12668FF7D002433A9 /* UIButton+TestHelpers.swift */ = {isa = PBXFileReference; lastKnownFileType = sourcecode.swift; path = "UIButton+TestHelpers.swift"; sourceTree = "<group>"; };
		943A54C32668FFBE002433A9 /* UIControl+TestHelpers.swift */ = {isa = PBXFileReference; lastKnownFileType = sourcecode.swift; path = "UIControl+TestHelpers.swift"; sourceTree = "<group>"; };
		943A54C5266900B7002433A9 /* FeedViewController+TestHelpers.swift */ = {isa = PBXFileReference; lastKnownFileType = sourcecode.swift; path = "FeedViewController+TestHelpers.swift"; sourceTree = "<group>"; };
		943A54C72669011D002433A9 /* FeedImageCell+TestHelpers.swift */ = {isa = PBXFileReference; lastKnownFileType = sourcecode.swift; path = "FeedImageCell+TestHelpers.swift"; sourceTree = "<group>"; };
		943A54C926690154002433A9 /* FeedViewControllerTests+LoaderSpy.swift */ = {isa = PBXFileReference; lastKnownFileType = sourcecode.swift; path = "FeedViewControllerTests+LoaderSpy.swift"; sourceTree = "<group>"; };
		943A54CB266901BB002433A9 /* FeedViewControllerTests+Assertions.swift */ = {isa = PBXFileReference; lastKnownFileType = sourcecode.swift; path = "FeedViewControllerTests+Assertions.swift"; sourceTree = "<group>"; };
		943A54CD26690446002433A9 /* FeedRefreshViewController.swift */ = {isa = PBXFileReference; lastKnownFileType = sourcecode.swift; path = FeedRefreshViewController.swift; sourceTree = "<group>"; };
		943A54CF266906AB002433A9 /* FeedImageCellController.swift */ = {isa = PBXFileReference; lastKnownFileType = sourcecode.swift; path = FeedImageCellController.swift; sourceTree = "<group>"; };
		943A54D2266908AA002433A9 /* FeedUIComposer.swift */ = {isa = PBXFileReference; lastKnownFileType = sourcecode.swift; path = FeedUIComposer.swift; sourceTree = "<group>"; };
		943A54D726696219002433A9 /* FeedImageViewModel.swift */ = {isa = PBXFileReference; lastKnownFileType = sourcecode.swift; path = FeedImageViewModel.swift; sourceTree = "<group>"; };
		94651FF52660F23A0029692E /* UIView+Shimmering.swift */ = {isa = PBXFileReference; lastKnownFileType = sourcecode.swift; path = "UIView+Shimmering.swift"; sourceTree = "<group>"; };
		9466C5D6268F45D7003A4D59 /* FeedViewControllerTests+Localization.swift */ = {isa = PBXFileReference; lastKnownFileType = sourcecode.swift; path = "FeedViewControllerTests+Localization.swift"; sourceTree = "<group>"; };
		9466C5D9268F4751003A4D59 /* en */ = {isa = PBXFileReference; lastKnownFileType = text.plist.strings; name = en; path = en.lproj/Feed.strings; sourceTree = "<group>"; };
		9466C5DB268F4787003A4D59 /* pt-BR */ = {isa = PBXFileReference; lastKnownFileType = text.plist.strings; name = "pt-BR"; path = "pt-BR.lproj/Feed.strings"; sourceTree = "<group>"; };
		9466C5DC268F47C4003A4D59 /* el */ = {isa = PBXFileReference; lastKnownFileType = text.plist.strings; name = el; path = el.lproj/Feed.strings; sourceTree = "<group>"; };
		9466C5DE268F487A003A4D59 /* FeedLocalizationTests.swift */ = {isa = PBXFileReference; lastKnownFileType = sourcecode.swift; path = FeedLocalizationTests.swift; sourceTree = "<group>"; };
		94700B10268DF3660090C62E /* FeedPresenter.swift */ = {isa = PBXFileReference; lastKnownFileType = sourcecode.swift; path = FeedPresenter.swift; sourceTree = "<group>"; };
		9471C02625D67CFA00932493 /* HTTPClient.swift */ = {isa = PBXFileReference; lastKnownFileType = sourcecode.swift; path = HTTPClient.swift; sourceTree = "<group>"; };
		9471C02A25D67D3800932493 /* FeedItemsMapper.swift */ = {isa = PBXFileReference; lastKnownFileType = sourcecode.swift; path = FeedItemsMapper.swift; sourceTree = "<group>"; };
		947B8F2225CEC1040014C344 /* EssentialFeed.framework */ = {isa = PBXFileReference; explicitFileType = wrapper.framework; includeInIndex = 0; path = EssentialFeed.framework; sourceTree = BUILT_PRODUCTS_DIR; };
		947B8F2625CEC1040014C344 /* Info.plist */ = {isa = PBXFileReference; lastKnownFileType = text.plist.xml; path = Info.plist; sourceTree = "<group>"; };
		947B8F2B25CEC1040014C344 /* EssentialFeedTests.xctest */ = {isa = PBXFileReference; explicitFileType = wrapper.cfbundle; includeInIndex = 0; path = EssentialFeedTests.xctest; sourceTree = BUILT_PRODUCTS_DIR; };
		947B8F3225CEC1040014C344 /* Info.plist */ = {isa = PBXFileReference; lastKnownFileType = text.plist.xml; path = Info.plist; sourceTree = "<group>"; };
		947B8F4125CEC1320014C344 /* FeedImage.swift */ = {isa = PBXFileReference; lastKnownFileType = sourcecode.swift; path = FeedImage.swift; sourceTree = "<group>"; };
		947B8F4525CEC13B0014C344 /* FeedLoader.swift */ = {isa = PBXFileReference; lastKnownFileType = sourcecode.swift; path = FeedLoader.swift; sourceTree = "<group>"; };
		947B8F4B25CEC2550014C344 /* RemoteFeedLoaderTests.swift */ = {isa = PBXFileReference; lastKnownFileType = sourcecode.swift; path = RemoteFeedLoaderTests.swift; sourceTree = "<group>"; };
		947B8F5025D089900014C344 /* RemoteFeedLoader.swift */ = {isa = PBXFileReference; lastKnownFileType = sourcecode.swift; path = RemoteFeedLoader.swift; sourceTree = "<group>"; };
		947F175E262436FF00CCED6F /* CoreDataFeedStoreTests.swift */ = {isa = PBXFileReference; lastKnownFileType = sourcecode.swift; path = CoreDataFeedStoreTests.swift; sourceTree = "<group>"; };
		947F17632624371200CCED6F /* CoreDataFeedStore.swift */ = {isa = PBXFileReference; lastKnownFileType = sourcecode.swift; path = CoreDataFeedStore.swift; sourceTree = "<group>"; };
		947F17692624372300CCED6F /* FeedStore.xcdatamodel */ = {isa = PBXFileReference; lastKnownFileType = wrapper.xcdatamodel; path = FeedStore.xcdatamodel; sourceTree = "<group>"; };
		947F176E2624373700CCED6F /* CoreDataHelpers.swift */ = {isa = PBXFileReference; lastKnownFileType = sourcecode.swift; path = CoreDataHelpers.swift; sourceTree = "<group>"; };
		947F17732624374200CCED6F /* ManagedCache.swift */ = {isa = PBXFileReference; lastKnownFileType = sourcecode.swift; path = ManagedCache.swift; sourceTree = "<group>"; };
		947F17782624374B00CCED6F /* ManagedFeedImage.swift */ = {isa = PBXFileReference; lastKnownFileType = sourcecode.swift; path = ManagedFeedImage.swift; sourceTree = "<group>"; };
		9483892425E550990037009E /* URLSessionHTTPClientTests.swift */ = {isa = PBXFileReference; lastKnownFileType = sourcecode.swift; path = URLSessionHTTPClientTests.swift; sourceTree = "<group>"; };
		94844F6E265FE82400B47297 /* FeedImageCell.swift */ = {isa = PBXFileReference; lastKnownFileType = sourcecode.swift; path = FeedImageCell.swift; sourceTree = "<group>"; };
		948E9A78268DFE6600E6BFBB /* FeedImagePresenter.swift */ = {isa = PBXFileReference; lastKnownFileType = sourcecode.swift; path = FeedImagePresenter.swift; sourceTree = "<group>"; };
		948E9A7A268DFF3000E6BFBB /* FeedLoadingViewModel.swift */ = {isa = PBXFileReference; lastKnownFileType = sourcecode.swift; path = FeedLoadingViewModel.swift; sourceTree = "<group>"; };
		948E9A7C268DFF4C00E6BFBB /* FeedViewModel.swift */ = {isa = PBXFileReference; lastKnownFileType = sourcecode.swift; path = FeedViewModel.swift; sourceTree = "<group>"; };
		948E9A7E268E076600E6BFBB /* Feed.storyboard */ = {isa = PBXFileReference; lastKnownFileType = file.storyboard; path = Feed.storyboard; sourceTree = "<group>"; };
		948E9A80268E07D700E6BFBB /* Feed.xcassets */ = {isa = PBXFileReference; lastKnownFileType = folder.assetcatalog; path = Feed.xcassets; sourceTree = "<group>"; };
		948E9A82268E0FB700E6BFBB /* UITableView+Dequeueing.swift.swift */ = {isa = PBXFileReference; lastKnownFileType = sourcecode.swift; path = "UITableView+Dequeueing.swift.swift"; sourceTree = "<group>"; };
		948E9A84268E102100E6BFBB /* UIImageView+Animations.swift */ = {isa = PBXFileReference; lastKnownFileType = sourcecode.swift; path = "UIImageView+Animations.swift"; sourceTree = "<group>"; };
		9491E8A725EF95CD005F6CE3 /* XCTestCase+MemoryLeakTracking.swift */ = {isa = PBXFileReference; lastKnownFileType = sourcecode.swift; path = "XCTestCase+MemoryLeakTracking.swift"; sourceTree = "<group>"; };
		9491E8AD25EFC20C005F6CE3 /* URLSessionHTTPClient.swift */ = {isa = PBXFileReference; lastKnownFileType = sourcecode.swift; path = URLSessionHTTPClient.swift; sourceTree = "<group>"; };
		9491E8B525EFC9B9005F6CE3 /* EssentialFeedAPIEndToEndTests.xctest */ = {isa = PBXFileReference; explicitFileType = wrapper.cfbundle; includeInIndex = 0; path = EssentialFeedAPIEndToEndTests.xctest; sourceTree = BUILT_PRODUCTS_DIR; };
		9491E8B725EFC9B9005F6CE3 /* EssentialFeedAPIEndToEndTests.swift */ = {isa = PBXFileReference; lastKnownFileType = sourcecode.swift; path = EssentialFeedAPIEndToEndTests.swift; sourceTree = "<group>"; };
		9491E8B925EFC9B9005F6CE3 /* Info.plist */ = {isa = PBXFileReference; lastKnownFileType = text.plist.xml; path = Info.plist; sourceTree = "<group>"; };
		94952ADE25F3BFC60095A429 /* CacheFeedUseCaseTests.swift */ = {isa = PBXFileReference; lastKnownFileType = sourcecode.swift; path = CacheFeedUseCaseTests.swift; sourceTree = "<group>"; };
		949653BA264C05590011143C /* EssentialFeedCacheIntegrationTests.xctest */ = {isa = PBXFileReference; explicitFileType = wrapper.cfbundle; includeInIndex = 0; path = EssentialFeedCacheIntegrationTests.xctest; sourceTree = BUILT_PRODUCTS_DIR; };
		949653BC264C05590011143C /* EssentialFeedCacheIntegrationTests.swift */ = {isa = PBXFileReference; lastKnownFileType = sourcecode.swift; path = EssentialFeedCacheIntegrationTests.swift; sourceTree = "<group>"; };
		949653BE264C05590011143C /* Info.plist */ = {isa = PBXFileReference; lastKnownFileType = text.plist.xml; path = Info.plist; sourceTree = "<group>"; };
		9496A7CA264F184C00F69C39 /* FeedViewController.swift */ = {isa = PBXFileReference; lastKnownFileType = sourcecode.swift; path = FeedViewController.swift; sourceTree = "<group>"; };
		949831AB26029E5B003B6C36 /* FeedCacheTestHelpers.swift */ = {isa = PBXFileReference; lastKnownFileType = sourcecode.swift; path = FeedCacheTestHelpers.swift; sourceTree = "<group>"; };
		949831B026029F35003B6C36 /* SharedTestHelpers.swift */ = {isa = PBXFileReference; lastKnownFileType = sourcecode.swift; path = SharedTestHelpers.swift; sourceTree = "<group>"; };
		949DAED825FA6A4100C64620 /* RemoteFeedItem.swift */ = {isa = PBXFileReference; lastKnownFileType = sourcecode.swift; path = RemoteFeedItem.swift; sourceTree = "<group>"; };
		949DAEDD25FA6A8E00C64620 /* LocalFeedImage.swift */ = {isa = PBXFileReference; lastKnownFileType = sourcecode.swift; path = LocalFeedImage.swift; sourceTree = "<group>"; };
		949E0D6F26015AEA0096349A /* ValidateFeedCacheUseCaseTests.swift */ = {isa = PBXFileReference; lastKnownFileType = sourcecode.swift; path = ValidateFeedCacheUseCaseTests.swift; sourceTree = "<group>"; };
		949EA394264EC785002861E8 /* EssentialFeediOSTests-Bridging-Header.h */ = {isa = PBXFileReference; lastKnownFileType = sourcecode.c.h; path = "EssentialFeediOSTests-Bridging-Header.h"; sourceTree = "<group>"; };
		949EA395264EC785002861E8 /* FeedUIIntegrationTest.swift */ = {isa = PBXFileReference; lastKnownFileType = sourcecode.swift; path = FeedUIIntegrationTest.swift; sourceTree = "<group>"; };
		949EBAFA25FCE64C0010EC8B /* LoadFeedFromCacheUseCaseTests.swift */ = {isa = PBXFileReference; lastKnownFileType = sourcecode.swift; path = LoadFeedFromCacheUseCaseTests.swift; sourceTree = "<group>"; };
		949EBB0125FCEB780010EC8B /* FeedStoreSpy.swift */ = {isa = PBXFileReference; lastKnownFileType = sourcecode.swift; path = FeedStoreSpy.swift; sourceTree = "<group>"; };
		949F4A8B2605462900F98241 /* FeedCachePolicy.swift */ = {isa = PBXFileReference; lastKnownFileType = sourcecode.swift; path = FeedCachePolicy.swift; sourceTree = "<group>"; };
		949FDBEF25F957E90008C823 /* LocalFeedLoader.swift */ = {isa = PBXFileReference; lastKnownFileType = sourcecode.swift; path = LocalFeedLoader.swift; sourceTree = "<group>"; };
		949FDBF725F958650008C823 /* FeedStore.swift */ = {isa = PBXFileReference; lastKnownFileType = sourcecode.swift; path = FeedStore.swift; sourceTree = "<group>"; };
		94AB1F39264EBD7A004587CD /* EssentialFeediOS.framework */ = {isa = PBXFileReference; explicitFileType = wrapper.framework; includeInIndex = 0; path = EssentialFeediOS.framework; sourceTree = BUILT_PRODUCTS_DIR; };
		94AB1F3C264EBD7A004587CD /* Info.plist */ = {isa = PBXFileReference; lastKnownFileType = text.plist.xml; path = Info.plist; sourceTree = "<group>"; };
		94AB1F41264EBD7A004587CD /* EssentialFeediOSTests.xctest */ = {isa = PBXFileReference; explicitFileType = wrapper.cfbundle; includeInIndex = 0; path = EssentialFeediOSTests.xctest; sourceTree = BUILT_PRODUCTS_DIR; };
		94AB1F48264EBD7A004587CD /* Info.plist */ = {isa = PBXFileReference; lastKnownFileType = text.plist.xml; path = Info.plist; sourceTree = "<group>"; };
/* End PBXFileReference section */

/* Begin PBXFrameworksBuildPhase section */
		947B8F1F25CEC1040014C344 /* Frameworks */ = {
			isa = PBXFrameworksBuildPhase;
			buildActionMask = 2147483647;
			files = (
			);
			runOnlyForDeploymentPostprocessing = 0;
		};
		947B8F2825CEC1040014C344 /* Frameworks */ = {
			isa = PBXFrameworksBuildPhase;
			buildActionMask = 2147483647;
			files = (
				947B8F2C25CEC1040014C344 /* EssentialFeed.framework in Frameworks */,
			);
			runOnlyForDeploymentPostprocessing = 0;
		};
		9491E8B225EFC9B9005F6CE3 /* Frameworks */ = {
			isa = PBXFrameworksBuildPhase;
			buildActionMask = 2147483647;
			files = (
				9491E8BA25EFC9B9005F6CE3 /* EssentialFeed.framework in Frameworks */,
			);
			runOnlyForDeploymentPostprocessing = 0;
		};
		949653B7264C05590011143C /* Frameworks */ = {
			isa = PBXFrameworksBuildPhase;
			buildActionMask = 2147483647;
			files = (
				949653BF264C05590011143C /* EssentialFeed.framework in Frameworks */,
			);
			runOnlyForDeploymentPostprocessing = 0;
		};
		94AB1F36264EBD7A004587CD /* Frameworks */ = {
			isa = PBXFrameworksBuildPhase;
			buildActionMask = 2147483647;
			files = (
				9496A7C4264F0D9F00F69C39 /* EssentialFeed.framework in Frameworks */,
			);
			runOnlyForDeploymentPostprocessing = 0;
		};
		94AB1F3E264EBD7A004587CD /* Frameworks */ = {
			isa = PBXFrameworksBuildPhase;
			buildActionMask = 2147483647;
			files = (
				94AB1F42264EBD7A004587CD /* EssentialFeediOS.framework in Frameworks */,
			);
			runOnlyForDeploymentPostprocessing = 0;
		};
/* End PBXFrameworksBuildPhase section */

/* Begin PBXGroup section */
		9419A465261DA0EE000B4F81 /* FeedStoreSpecs */ = {
			isa = PBXGroup;
			children = (
				9419A44C261D9E08000B4F81 /* FeedStoreSpecs.swift */,
				9419A451261D9EF5000B4F81 /* XCTestCase+FeedStoreSpecs.swift */,
				9419A456261DA061000B4F81 /* XCTestCase+FailableDeleteFeedStoreSpecs.swift */,
				9419A45B261DA083000B4F81 /* XCTestCase+FailableInsertFeedStoreSpecs.swift */,
				9419A460261DA0A8000B4F81 /* XCTestCase+FailableRetrieveFeedStoreSpecs.swift */,
			);
			path = FeedStoreSpecs;
			sourceTree = "<group>";
		};
		943A54B32668FE75002433A9 /* Feed Image Loader */ = {
			isa = PBXGroup;
			children = (
				943A54B42668FE89002433A9 /* FeedImageDataLoader.swift */,
			);
			path = "Feed Image Loader";
			sourceTree = "<group>";
		};
		943A54B72668FEBA002433A9 /* Feed UI */ = {
			isa = PBXGroup;
			children = (
				943A54B92668FED3002433A9 /* Helpers */,
				949EA395264EC785002861E8 /* FeedUIIntegrationTest.swift */,
			);
			path = "Feed UI";
			sourceTree = "<group>";
		};
		943A54B92668FED3002433A9 /* Helpers */ = {
			isa = PBXGroup;
			children = (
				943A54BD2668FF15002433A9 /* UIImage+TestHelpers.swift */,
				943A54BF2668FF4B002433A9 /* UIRefreshControl+TestHelpers.swift */,
				943A54C12668FF7D002433A9 /* UIButton+TestHelpers.swift */,
				943A54C32668FFBE002433A9 /* UIControl+TestHelpers.swift */,
				943A54C5266900B7002433A9 /* FeedViewController+TestHelpers.swift */,
				943A54C72669011D002433A9 /* FeedImageCell+TestHelpers.swift */,
				943A54C926690154002433A9 /* FeedViewControllerTests+LoaderSpy.swift */,
				943A54CB266901BB002433A9 /* FeedViewControllerTests+Assertions.swift */,
				9466C5D6268F45D7003A4D59 /* FeedViewControllerTests+Localization.swift */,
			);
			path = Helpers;
			sourceTree = "<group>";
		};
		943A54BA2668FEE3002433A9 /* Feed UI */ = {
			isa = PBXGroup;
			children = (
				943A54D1266908A1002433A9 /* Composers */,
				943A54BB2668FEEB002433A9 /* Controllers */,
				943A54BC2668FEF1002433A9 /* Views */,
			);
			path = "Feed UI";
			sourceTree = "<group>";
		};
		943A54BB2668FEEB002433A9 /* Controllers */ = {
			isa = PBXGroup;
			children = (
				9496A7CA264F184C00F69C39 /* FeedViewController.swift */,
				943A54CD26690446002433A9 /* FeedRefreshViewController.swift */,
				943A54CF266906AB002433A9 /* FeedImageCellController.swift */,
			);
			path = Controllers;
			sourceTree = "<group>";
		};
		943A54BC2668FEF1002433A9 /* Views */ = {
			isa = PBXGroup;
			children = (
				94844F6E265FE82400B47297 /* FeedImageCell.swift */,
				94651FF52660F23A0029692E /* UIView+Shimmering.swift */,
				948E9A7E268E076600E6BFBB /* Feed.storyboard */,
				948E9A80268E07D700E6BFBB /* Feed.xcassets */,
				948E9A82268E0FB700E6BFBB /* UITableView+Dequeueing.swift.swift */,
				948E9A84268E102100E6BFBB /* UIImageView+Animations.swift */,
			);
			path = Views;
			sourceTree = "<group>";
		};
		943A54D1266908A1002433A9 /* Composers */ = {
			isa = PBXGroup;
			children = (
				943A54D2266908AA002433A9 /* FeedUIComposer.swift */,
			);
			path = Composers;
			sourceTree = "<group>";
		};
		9466C5DD268F486C003A4D59 /* Feed Presentation */ = {
			isa = PBXGroup;
			children = (
				9466C5DE268F487A003A4D59 /* FeedLocalizationTests.swift */,
			);
			path = "Feed Presentation";
			sourceTree = "<group>";
		};
		94700B0F268DF0FF0090C62E /* Feed Presentation */ = {
			isa = PBXGroup;
			children = (
				948E9A7C268DFF4C00E6BFBB /* FeedViewModel.swift */,
				948E9A7A268DFF3000E6BFBB /* FeedLoadingViewModel.swift */,
				943A54D726696219002433A9 /* FeedImageViewModel.swift */,
				94700B10268DF3660090C62E /* FeedPresenter.swift */,
				948E9A78268DFE6600E6BFBB /* FeedImagePresenter.swift */,
				9466C5DA268F4751003A4D59 /* Feed.strings */,
			);
			path = "Feed Presentation";
			sourceTree = "<group>";
		};
		9471C02E25D6816800932493 /* Feed API */ = {
			isa = PBXGroup;
			children = (
				947B8F4B25CEC2550014C344 /* RemoteFeedLoaderTests.swift */,
				9483892425E550990037009E /* URLSessionHTTPClientTests.swift */,
			);
			path = "Feed API";
			sourceTree = "<group>";
		};
		947B8F1825CEC1040014C344 = {
			isa = PBXGroup;
			children = (
				947B8F2425CEC1040014C344 /* EssentialFeed */,
				947B8F2F25CEC1040014C344 /* EssentialFeedTests */,
				9491E8B625EFC9B9005F6CE3 /* EssentialFeedAPIEndToEndTests */,
				949653BB264C05590011143C /* EssentialFeedCacheIntegrationTests */,
				94AB1F3A264EBD7A004587CD /* EssentialFeediOS */,
				94AB1F45264EBD7A004587CD /* EssentialFeediOSTests */,
				947B8F2325CEC1040014C344 /* Products */,
				9496A7C3264F0D9F00F69C39 /* Frameworks */,
			);
			sourceTree = "<group>";
		};
		947B8F2325CEC1040014C344 /* Products */ = {
			isa = PBXGroup;
			children = (
				947B8F2225CEC1040014C344 /* EssentialFeed.framework */,
				947B8F2B25CEC1040014C344 /* EssentialFeedTests.xctest */,
				9491E8B525EFC9B9005F6CE3 /* EssentialFeedAPIEndToEndTests.xctest */,
				949653BA264C05590011143C /* EssentialFeedCacheIntegrationTests.xctest */,
				94AB1F39264EBD7A004587CD /* EssentialFeediOS.framework */,
				94AB1F41264EBD7A004587CD /* EssentialFeediOSTests.xctest */,
			);
			name = Products;
			sourceTree = "<group>";
		};
		947B8F2425CEC1040014C344 /* EssentialFeed */ = {
			isa = PBXGroup;
			children = (
				949FDBEE25F957DE0008C823 /* Feed Cache */,
				947B8F4025CEC1260014C344 /* Feed Feature */,
				947B8F4F25D089630014C344 /* Feed API */,
				947B8F2625CEC1040014C344 /* Info.plist */,
			);
			path = EssentialFeed;
			sourceTree = "<group>";
		};
		947B8F2F25CEC1040014C344 /* EssentialFeedTests */ = {
			isa = PBXGroup;
			children = (
				947B8F3225CEC1040014C344 /* Info.plist */,
				9491E8A625EF95B6005F6CE3 /* Helpers */,
				94952ADD25F3BFAA0095A429 /* Feed Cache */,
				9471C02E25D6816800932493 /* Feed API */,
			);
			path = EssentialFeedTests;
			sourceTree = "<group>";
		};
		947B8F4025CEC1260014C344 /* Feed Feature */ = {
			isa = PBXGroup;
			children = (
				947B8F4125CEC1320014C344 /* FeedImage.swift */,
				947B8F4525CEC13B0014C344 /* FeedLoader.swift */,
			);
			path = "Feed Feature";
			sourceTree = "<group>";
		};
		947B8F4F25D089630014C344 /* Feed API */ = {
			isa = PBXGroup;
			children = (
				947B8F5025D089900014C344 /* RemoteFeedLoader.swift */,
				9471C02A25D67D3800932493 /* FeedItemsMapper.swift */,
				9471C02625D67CFA00932493 /* HTTPClient.swift */,
				9491E8AD25EFC20C005F6CE3 /* URLSessionHTTPClient.swift */,
				949DAED825FA6A4100C64620 /* RemoteFeedItem.swift */,
			);
			path = "Feed API";
			sourceTree = "<group>";
		};
		947F177D2624375600CCED6F /* CoreData */ = {
			isa = PBXGroup;
			children = (
				947F17632624371200CCED6F /* CoreDataFeedStore.swift */,
				947F176E2624373700CCED6F /* CoreDataHelpers.swift */,
				947F17732624374200CCED6F /* ManagedCache.swift */,
				947F17782624374B00CCED6F /* ManagedFeedImage.swift */,
				947F17682624372300CCED6F /* FeedStore.xcdatamodeld */,
			);
			path = CoreData;
			sourceTree = "<group>";
		};
		947F177E2624378600CCED6F /* Infrastructure */ = {
			isa = PBXGroup;
			children = (
				947F177D2624375600CCED6F /* CoreData */,
			);
			path = Infrastructure;
			sourceTree = "<group>";
		};
		9491E8A625EF95B6005F6CE3 /* Helpers */ = {
			isa = PBXGroup;
			children = (
				9491E8A725EF95CD005F6CE3 /* XCTestCase+MemoryLeakTracking.swift */,
				949831B026029F35003B6C36 /* SharedTestHelpers.swift */,
			);
			path = Helpers;
			sourceTree = "<group>";
		};
		9491E8B625EFC9B9005F6CE3 /* EssentialFeedAPIEndToEndTests */ = {
			isa = PBXGroup;
			children = (
				9491E8B725EFC9B9005F6CE3 /* EssentialFeedAPIEndToEndTests.swift */,
				9491E8B925EFC9B9005F6CE3 /* Info.plist */,
			);
			path = EssentialFeedAPIEndToEndTests;
			sourceTree = "<group>";
		};
		94952ADD25F3BFAA0095A429 /* Feed Cache */ = {
			isa = PBXGroup;
			children = (
				9419A465261DA0EE000B4F81 /* FeedStoreSpecs */,
				949EBB0025FCEB6D0010EC8B /* Helpers */,
				94952ADE25F3BFC60095A429 /* CacheFeedUseCaseTests.swift */,
				949EBAFA25FCE64C0010EC8B /* LoadFeedFromCacheUseCaseTests.swift */,
				949E0D6F26015AEA0096349A /* ValidateFeedCacheUseCaseTests.swift */,
				947F175E262436FF00CCED6F /* CoreDataFeedStoreTests.swift */,
			);
			path = "Feed Cache";
			sourceTree = "<group>";
		};
		949653BB264C05590011143C /* EssentialFeedCacheIntegrationTests */ = {
			isa = PBXGroup;
			children = (
				949653BC264C05590011143C /* EssentialFeedCacheIntegrationTests.swift */,
				949653BE264C05590011143C /* Info.plist */,
			);
			path = EssentialFeedCacheIntegrationTests;
			sourceTree = "<group>";
		};
		9496A7C3264F0D9F00F69C39 /* Frameworks */ = {
			isa = PBXGroup;
			children = (
			);
			name = Frameworks;
			sourceTree = "<group>";
		};
		949EBB0025FCEB6D0010EC8B /* Helpers */ = {
			isa = PBXGroup;
			children = (
				949EBB0125FCEB780010EC8B /* FeedStoreSpy.swift */,
				949831AB26029E5B003B6C36 /* FeedCacheTestHelpers.swift */,
			);
			path = Helpers;
			sourceTree = "<group>";
		};
		949FDBEE25F957DE0008C823 /* Feed Cache */ = {
			isa = PBXGroup;
			children = (
				947F177E2624378600CCED6F /* Infrastructure */,
				949FDBEF25F957E90008C823 /* LocalFeedLoader.swift */,
				949FDBF725F958650008C823 /* FeedStore.swift */,
				949DAEDD25FA6A8E00C64620 /* LocalFeedImage.swift */,
				949F4A8B2605462900F98241 /* FeedCachePolicy.swift */,
			);
			path = "Feed Cache";
			sourceTree = "<group>";
		};
		94AB1F3A264EBD7A004587CD /* EssentialFeediOS */ = {
			isa = PBXGroup;
			children = (
				94AB1F3C264EBD7A004587CD /* Info.plist */,
				943A54B32668FE75002433A9 /* Feed Image Loader */,
				94700B0F268DF0FF0090C62E /* Feed Presentation */,
				943A54BA2668FEE3002433A9 /* Feed UI */,
			);
			path = EssentialFeediOS;
			sourceTree = "<group>";
		};
		94AB1F45264EBD7A004587CD /* EssentialFeediOSTests */ = {
			isa = PBXGroup;
			children = (
				9466C5DD268F486C003A4D59 /* Feed Presentation */,
				94AB1F48264EBD7A004587CD /* Info.plist */,
				943A54B72668FEBA002433A9 /* Feed UI */,
				949EA394264EC785002861E8 /* EssentialFeediOSTests-Bridging-Header.h */,
			);
			path = EssentialFeediOSTests;
			sourceTree = "<group>";
		};
/* End PBXGroup section */

/* Begin PBXHeadersBuildPhase section */
		947B8F1D25CEC1040014C344 /* Headers */ = {
			isa = PBXHeadersBuildPhase;
			buildActionMask = 2147483647;
			files = (
			);
			runOnlyForDeploymentPostprocessing = 0;
		};
		94AB1F34264EBD7A004587CD /* Headers */ = {
			isa = PBXHeadersBuildPhase;
			buildActionMask = 2147483647;
			files = (
			);
			runOnlyForDeploymentPostprocessing = 0;
		};
/* End PBXHeadersBuildPhase section */

/* Begin PBXNativeTarget section */
		947B8F2125CEC1040014C344 /* EssentialFeed */ = {
			isa = PBXNativeTarget;
			buildConfigurationList = 947B8F3625CEC1040014C344 /* Build configuration list for PBXNativeTarget "EssentialFeed" */;
			buildPhases = (
				947B8F1D25CEC1040014C344 /* Headers */,
				947B8F1E25CEC1040014C344 /* Sources */,
				947B8F1F25CEC1040014C344 /* Frameworks */,
				947B8F2025CEC1040014C344 /* Resources */,
			);
			buildRules = (
			);
			dependencies = (
			);
			name = EssentialFeed;
			productName = EssentialFeed;
			productReference = 947B8F2225CEC1040014C344 /* EssentialFeed.framework */;
			productType = "com.apple.product-type.framework";
		};
		947B8F2A25CEC1040014C344 /* EssentialFeedTests */ = {
			isa = PBXNativeTarget;
			buildConfigurationList = 947B8F3925CEC1040014C344 /* Build configuration list for PBXNativeTarget "EssentialFeedTests" */;
			buildPhases = (
				947B8F2725CEC1040014C344 /* Sources */,
				947B8F2825CEC1040014C344 /* Frameworks */,
				947B8F2925CEC1040014C344 /* Resources */,
			);
			buildRules = (
			);
			dependencies = (
				947B8F2E25CEC1040014C344 /* PBXTargetDependency */,
			);
			name = EssentialFeedTests;
			productName = EssentialFeedTests;
			productReference = 947B8F2B25CEC1040014C344 /* EssentialFeedTests.xctest */;
			productType = "com.apple.product-type.bundle.unit-test";
		};
		9491E8B425EFC9B9005F6CE3 /* EssentialFeedAPIEndToEndTests */ = {
			isa = PBXNativeTarget;
			buildConfigurationList = 9491E8BD25EFC9B9005F6CE3 /* Build configuration list for PBXNativeTarget "EssentialFeedAPIEndToEndTests" */;
			buildPhases = (
				9491E8B125EFC9B9005F6CE3 /* Sources */,
				9491E8B225EFC9B9005F6CE3 /* Frameworks */,
				9491E8B325EFC9B9005F6CE3 /* Resources */,
			);
			buildRules = (
			);
			dependencies = (
				9491E8BC25EFC9B9005F6CE3 /* PBXTargetDependency */,
			);
			name = EssentialFeedAPIEndToEndTests;
			productName = EssentialFeedAPIEndToEndTests;
			productReference = 9491E8B525EFC9B9005F6CE3 /* EssentialFeedAPIEndToEndTests.xctest */;
			productType = "com.apple.product-type.bundle.unit-test";
		};
		949653B9264C05590011143C /* EssentialFeedCacheIntegrationTests */ = {
			isa = PBXNativeTarget;
			buildConfigurationList = 949653C4264C05590011143C /* Build configuration list for PBXNativeTarget "EssentialFeedCacheIntegrationTests" */;
			buildPhases = (
				949653B6264C05590011143C /* Sources */,
				949653B7264C05590011143C /* Frameworks */,
				949653B8264C05590011143C /* Resources */,
			);
			buildRules = (
			);
			dependencies = (
				949653C1264C05590011143C /* PBXTargetDependency */,
			);
			name = EssentialFeedCacheIntegrationTests;
			productName = EssentialFeedCacheIntegrationTests;
			productReference = 949653BA264C05590011143C /* EssentialFeedCacheIntegrationTests.xctest */;
			productType = "com.apple.product-type.bundle.unit-test";
		};
		94AB1F38264EBD7A004587CD /* EssentialFeediOS */ = {
			isa = PBXNativeTarget;
			buildConfigurationList = 94AB1F4A264EBD7A004587CD /* Build configuration list for PBXNativeTarget "EssentialFeediOS" */;
			buildPhases = (
				94AB1F34264EBD7A004587CD /* Headers */,
				94AB1F35264EBD7A004587CD /* Sources */,
				94AB1F36264EBD7A004587CD /* Frameworks */,
				94AB1F37264EBD7A004587CD /* Resources */,
				9496A7C8264F0D9F00F69C39 /* Embed Frameworks */,
			);
			buildRules = (
			);
			dependencies = (
				9496A7C7264F0D9F00F69C39 /* PBXTargetDependency */,
			);
			name = EssentialFeediOS;
			productName = EssentialFeediOS;
			productReference = 94AB1F39264EBD7A004587CD /* EssentialFeediOS.framework */;
			productType = "com.apple.product-type.framework";
		};
		94AB1F40264EBD7A004587CD /* EssentialFeediOSTests */ = {
			isa = PBXNativeTarget;
			buildConfigurationList = 94AB1F4D264EBD7A004587CD /* Build configuration list for PBXNativeTarget "EssentialFeediOSTests" */;
			buildPhases = (
				94AB1F3D264EBD7A004587CD /* Sources */,
				94AB1F3E264EBD7A004587CD /* Frameworks */,
				94AB1F3F264EBD7A004587CD /* Resources */,
			);
			buildRules = (
			);
			dependencies = (
				94AB1F44264EBD7A004587CD /* PBXTargetDependency */,
			);
			name = EssentialFeediOSTests;
			productName = EssentialFeediOSTests;
			productReference = 94AB1F41264EBD7A004587CD /* EssentialFeediOSTests.xctest */;
			productType = "com.apple.product-type.bundle.unit-test";
		};
/* End PBXNativeTarget section */

/* Begin PBXProject section */
		947B8F1925CEC1040014C344 /* Project object */ = {
			isa = PBXProject;
			attributes = {
				LastSwiftUpdateCheck = 1250;
				LastUpgradeCheck = 1230;
				TargetAttributes = {
					947B8F2125CEC1040014C344 = {
						CreatedOnToolsVersion = 12.3;
						LastSwiftMigration = 1230;
					};
					947B8F2A25CEC1040014C344 = {
						CreatedOnToolsVersion = 12.3;
						LastSwiftMigration = 1230;
					};
					9491E8B425EFC9B9005F6CE3 = {
						CreatedOnToolsVersion = 12.4;
					};
					949653B9264C05590011143C = {
						CreatedOnToolsVersion = 12.5;
					};
					94AB1F38264EBD7A004587CD = {
						CreatedOnToolsVersion = 12.5;
						LastSwiftMigration = 1250;
					};
					94AB1F40264EBD7A004587CD = {
						CreatedOnToolsVersion = 12.5;
						LastSwiftMigration = 1250;
					};
				};
			};
			buildConfigurationList = 947B8F1C25CEC1040014C344 /* Build configuration list for PBXProject "EssentialFeed" */;
			compatibilityVersion = "Xcode 9.3";
			developmentRegion = en;
			hasScannedForEncodings = 0;
			knownRegions = (
				en,
				Base,
				"pt-BR",
				el,
			);
			mainGroup = 947B8F1825CEC1040014C344;
			productRefGroup = 947B8F2325CEC1040014C344 /* Products */;
			projectDirPath = "";
			projectRoot = "";
			targets = (
				947B8F2125CEC1040014C344 /* EssentialFeed */,
				947B8F2A25CEC1040014C344 /* EssentialFeedTests */,
				9491E8B425EFC9B9005F6CE3 /* EssentialFeedAPIEndToEndTests */,
				949653B9264C05590011143C /* EssentialFeedCacheIntegrationTests */,
				94AB1F38264EBD7A004587CD /* EssentialFeediOS */,
				94AB1F40264EBD7A004587CD /* EssentialFeediOSTests */,
			);
		};
/* End PBXProject section */

/* Begin PBXResourcesBuildPhase section */
		947B8F2025CEC1040014C344 /* Resources */ = {
			isa = PBXResourcesBuildPhase;
			buildActionMask = 2147483647;
			files = (
			);
			runOnlyForDeploymentPostprocessing = 0;
		};
		947B8F2925CEC1040014C344 /* Resources */ = {
			isa = PBXResourcesBuildPhase;
			buildActionMask = 2147483647;
			files = (
			);
			runOnlyForDeploymentPostprocessing = 0;
		};
		9491E8B325EFC9B9005F6CE3 /* Resources */ = {
			isa = PBXResourcesBuildPhase;
			buildActionMask = 2147483647;
			files = (
			);
			runOnlyForDeploymentPostprocessing = 0;
		};
		949653B8264C05590011143C /* Resources */ = {
			isa = PBXResourcesBuildPhase;
			buildActionMask = 2147483647;
			files = (
			);
			runOnlyForDeploymentPostprocessing = 0;
		};
		94AB1F37264EBD7A004587CD /* Resources */ = {
			isa = PBXResourcesBuildPhase;
			buildActionMask = 2147483647;
			files = (
				948E9A7F268E076600E6BFBB /* Feed.storyboard in Resources */,
				948E9A81268E07D700E6BFBB /* Feed.xcassets in Resources */,
				9466C5D8268F4751003A4D59 /* Feed.strings in Resources */,
			);
			runOnlyForDeploymentPostprocessing = 0;
		};
		94AB1F3F264EBD7A004587CD /* Resources */ = {
			isa = PBXResourcesBuildPhase;
			buildActionMask = 2147483647;
			files = (
			);
			runOnlyForDeploymentPostprocessing = 0;
		};
/* End PBXResourcesBuildPhase section */

/* Begin PBXSourcesBuildPhase section */
		947B8F1E25CEC1040014C344 /* Sources */ = {
			isa = PBXSourcesBuildPhase;
			buildActionMask = 2147483647;
			files = (
				947F176F2624373700CCED6F /* CoreDataHelpers.swift in Sources */,
				9471C02B25D67D3800932493 /* FeedItemsMapper.swift in Sources */,
				947B8F4625CEC13B0014C344 /* FeedLoader.swift in Sources */,
				949DAED925FA6A4100C64620 /* RemoteFeedItem.swift in Sources */,
				949F4A8C2605462900F98241 /* FeedCachePolicy.swift in Sources */,
				947B8F5125D089900014C344 /* RemoteFeedLoader.swift in Sources */,
				947F176A2624372300CCED6F /* FeedStore.xcdatamodeld in Sources */,
				949DAEDE25FA6A8E00C64620 /* LocalFeedImage.swift in Sources */,
				949FDBF825F958650008C823 /* FeedStore.swift in Sources */,
				949FDBF025F957E90008C823 /* LocalFeedLoader.swift in Sources */,
				9471C02725D67CFA00932493 /* HTTPClient.swift in Sources */,
				947B8F4225CEC1320014C344 /* FeedImage.swift in Sources */,
				9491E8AE25EFC20C005F6CE3 /* URLSessionHTTPClient.swift in Sources */,
				947F17742624374200CCED6F /* ManagedCache.swift in Sources */,
				947F17642624371200CCED6F /* CoreDataFeedStore.swift in Sources */,
				947F17792624374B00CCED6F /* ManagedFeedImage.swift in Sources */,
			);
			runOnlyForDeploymentPostprocessing = 0;
		};
		947B8F2725CEC1040014C344 /* Sources */ = {
			isa = PBXSourcesBuildPhase;
			buildActionMask = 2147483647;
			files = (
				9419A457261DA061000B4F81 /* XCTestCase+FailableDeleteFeedStoreSpecs.swift in Sources */,
				949831AC26029E5B003B6C36 /* FeedCacheTestHelpers.swift in Sources */,
				949E0D7026015AEA0096349A /* ValidateFeedCacheUseCaseTests.swift in Sources */,
				9419A45C261DA083000B4F81 /* XCTestCase+FailableInsertFeedStoreSpecs.swift in Sources */,
				947B8F4C25CEC2550014C344 /* RemoteFeedLoaderTests.swift in Sources */,
				9483892525E550990037009E /* URLSessionHTTPClientTests.swift in Sources */,
				9419A461261DA0A8000B4F81 /* XCTestCase+FailableRetrieveFeedStoreSpecs.swift in Sources */,
				949EBB0225FCEB780010EC8B /* FeedStoreSpy.swift in Sources */,
				949831B126029F35003B6C36 /* SharedTestHelpers.swift in Sources */,
				94952ADF25F3BFC60095A429 /* CacheFeedUseCaseTests.swift in Sources */,
				949EBAFB25FCE64C0010EC8B /* LoadFeedFromCacheUseCaseTests.swift in Sources */,
				9419A44D261D9E08000B4F81 /* FeedStoreSpecs.swift in Sources */,
				9491E8A825EF95CD005F6CE3 /* XCTestCase+MemoryLeakTracking.swift in Sources */,
				947F175F262436FF00CCED6F /* CoreDataFeedStoreTests.swift in Sources */,
				9419A452261D9EF5000B4F81 /* XCTestCase+FeedStoreSpecs.swift in Sources */,
			);
			runOnlyForDeploymentPostprocessing = 0;
		};
		9491E8B125EFC9B9005F6CE3 /* Sources */ = {
			isa = PBXSourcesBuildPhase;
			buildActionMask = 2147483647;
			files = (
				9491E8B825EFC9B9005F6CE3 /* EssentialFeedAPIEndToEndTests.swift in Sources */,
				9491E8C325EFCD38005F6CE3 /* XCTestCase+MemoryLeakTracking.swift in Sources */,
			);
			runOnlyForDeploymentPostprocessing = 0;
		};
		949653B6264C05590011143C /* Sources */ = {
			isa = PBXSourcesBuildPhase;
			buildActionMask = 2147483647;
			files = (
				949653C7264C07C60011143C /* SharedTestHelpers.swift in Sources */,
				949653BD264C05590011143C /* EssentialFeedCacheIntegrationTests.swift in Sources */,
				949653C6264C07BC0011143C /* FeedCacheTestHelpers.swift in Sources */,
				949653C5264C06EB0011143C /* XCTestCase+MemoryLeakTracking.swift in Sources */,
			);
			runOnlyForDeploymentPostprocessing = 0;
		};
		94AB1F35264EBD7A004587CD /* Sources */ = {
			isa = PBXSourcesBuildPhase;
			buildActionMask = 2147483647;
			files = (
				94700B11268DF3660090C62E /* FeedPresenter.swift in Sources */,
				943A54B52668FE89002433A9 /* FeedImageDataLoader.swift in Sources */,
				948E9A7D268DFF4C00E6BFBB /* FeedViewModel.swift in Sources */,
				943A54CE26690446002433A9 /* FeedRefreshViewController.swift in Sources */,
				948E9A7B268DFF3000E6BFBB /* FeedLoadingViewModel.swift in Sources */,
				94651FF62660F23A0029692E /* UIView+Shimmering.swift in Sources */,
				948E9A79268DFE6600E6BFBB /* FeedImagePresenter.swift in Sources */,
				948E9A85268E102100E6BFBB /* UIImageView+Animations.swift in Sources */,
				9496A7CB264F184C00F69C39 /* FeedViewController.swift in Sources */,
				94844F6F265FE82400B47297 /* FeedImageCell.swift in Sources */,
				943A54D826696219002433A9 /* FeedImageViewModel.swift in Sources */,
				943A54D0266906AB002433A9 /* FeedImageCellController.swift in Sources */,
				943A54D3266908AA002433A9 /* FeedUIComposer.swift in Sources */,
				948E9A83268E0FB700E6BFBB /* UITableView+Dequeueing.swift.swift in Sources */,
			);
			runOnlyForDeploymentPostprocessing = 0;
		};
		94AB1F3D264EBD7A004587CD /* Sources */ = {
			isa = PBXSourcesBuildPhase;
			buildActionMask = 2147483647;
			files = (
				949EA396264EC785002861E8 /* FeedUIIntegrationTest.swift in Sources */,
				943A54CC266901BB002433A9 /* FeedViewControllerTests+Assertions.swift in Sources */,
				9466C5DF268F487A003A4D59 /* FeedLocalizationTests.swift in Sources */,
				943A54C22668FF7D002433A9 /* UIButton+TestHelpers.swift in Sources */,
				943A54C02668FF4B002433A9 /* UIRefreshControl+TestHelpers.swift in Sources */,
				943A54C42668FFBE002433A9 /* UIControl+TestHelpers.swift in Sources */,
				943A54CA26690154002433A9 /* FeedViewControllerTests+LoaderSpy.swift in Sources */,
				943A54C6266900B7002433A9 /* FeedViewController+TestHelpers.swift in Sources */,
				9496A7C9264F0F2900F69C39 /* XCTestCase+MemoryLeakTracking.swift in Sources */,
				943A54BE2668FF15002433A9 /* UIImage+TestHelpers.swift in Sources */,
				943A54C82669011D002433A9 /* FeedImageCell+TestHelpers.swift in Sources */,
				9466C5D7268F45D7003A4D59 /* FeedViewControllerTests+Localization.swift in Sources */,
			);
			runOnlyForDeploymentPostprocessing = 0;
		};
/* End PBXSourcesBuildPhase section */

/* Begin PBXTargetDependency section */
		947B8F2E25CEC1040014C344 /* PBXTargetDependency */ = {
			isa = PBXTargetDependency;
			target = 947B8F2125CEC1040014C344 /* EssentialFeed */;
			targetProxy = 947B8F2D25CEC1040014C344 /* PBXContainerItemProxy */;
		};
		9491E8BC25EFC9B9005F6CE3 /* PBXTargetDependency */ = {
			isa = PBXTargetDependency;
			target = 947B8F2125CEC1040014C344 /* EssentialFeed */;
			targetProxy = 9491E8BB25EFC9B9005F6CE3 /* PBXContainerItemProxy */;
		};
		949653C1264C05590011143C /* PBXTargetDependency */ = {
			isa = PBXTargetDependency;
			target = 947B8F2125CEC1040014C344 /* EssentialFeed */;
			targetProxy = 949653C0264C05590011143C /* PBXContainerItemProxy */;
		};
		9496A7C7264F0D9F00F69C39 /* PBXTargetDependency */ = {
			isa = PBXTargetDependency;
			target = 947B8F2125CEC1040014C344 /* EssentialFeed */;
			targetProxy = 9496A7C6264F0D9F00F69C39 /* PBXContainerItemProxy */;
		};
		94AB1F44264EBD7A004587CD /* PBXTargetDependency */ = {
			isa = PBXTargetDependency;
			target = 94AB1F38264EBD7A004587CD /* EssentialFeediOS */;
			targetProxy = 94AB1F43264EBD7A004587CD /* PBXContainerItemProxy */;
		};
/* End PBXTargetDependency section */

/* Begin PBXVariantGroup section */
		9466C5DA268F4751003A4D59 /* Feed.strings */ = {
			isa = PBXVariantGroup;
			children = (
				9466C5D9268F4751003A4D59 /* en */,
				9466C5DB268F4787003A4D59 /* pt-BR */,
				9466C5DC268F47C4003A4D59 /* el */,
			);
			name = Feed.strings;
			sourceTree = "<group>";
		};
/* End PBXVariantGroup section */

/* Begin XCBuildConfiguration section */
		947B8F3425CEC1040014C344 /* Debug */ = {
			isa = XCBuildConfiguration;
			buildSettings = {
				ALWAYS_SEARCH_USER_PATHS = NO;
				CLANG_ANALYZER_LOCALIZABILITY_NONLOCALIZED = YES;
				CLANG_ANALYZER_NONNULL = YES;
				CLANG_ANALYZER_NUMBER_OBJECT_CONVERSION = YES_AGGRESSIVE;
				CLANG_CXX_LANGUAGE_STANDARD = "gnu++14";
				CLANG_CXX_LIBRARY = "libc++";
				CLANG_ENABLE_MODULES = YES;
				CLANG_ENABLE_OBJC_ARC = YES;
				CLANG_ENABLE_OBJC_WEAK = YES;
				CLANG_WARN_BLOCK_CAPTURE_AUTORELEASING = YES;
				CLANG_WARN_BOOL_CONVERSION = YES;
				CLANG_WARN_COMMA = YES;
				CLANG_WARN_CONSTANT_CONVERSION = YES;
				CLANG_WARN_DEPRECATED_OBJC_IMPLEMENTATIONS = YES;
				CLANG_WARN_DIRECT_OBJC_ISA_USAGE = YES_ERROR;
				CLANG_WARN_DOCUMENTATION_COMMENTS = YES;
				CLANG_WARN_EMPTY_BODY = YES;
				CLANG_WARN_ENUM_CONVERSION = YES;
				CLANG_WARN_INFINITE_RECURSION = YES;
				CLANG_WARN_INT_CONVERSION = YES;
				CLANG_WARN_NON_LITERAL_NULL_CONVERSION = YES;
				CLANG_WARN_OBJC_IMPLICIT_RETAIN_SELF = YES;
				CLANG_WARN_OBJC_LITERAL_CONVERSION = YES;
				CLANG_WARN_OBJC_ROOT_CLASS = YES_ERROR;
				CLANG_WARN_QUOTED_INCLUDE_IN_FRAMEWORK_HEADER = YES;
				CLANG_WARN_RANGE_LOOP_ANALYSIS = YES;
				CLANG_WARN_STRICT_PROTOTYPES = YES;
				CLANG_WARN_SUSPICIOUS_MOVE = YES;
				CLANG_WARN_UNGUARDED_AVAILABILITY = YES_AGGRESSIVE;
				CLANG_WARN_UNREACHABLE_CODE = YES;
				CLANG_WARN__DUPLICATE_METHOD_MATCH = YES;
				COPY_PHASE_STRIP = NO;
				CURRENT_PROJECT_VERSION = 1;
				DEBUG_INFORMATION_FORMAT = dwarf;
				ENABLE_STRICT_OBJC_MSGSEND = YES;
				ENABLE_TESTABILITY = YES;
				GCC_C_LANGUAGE_STANDARD = gnu11;
				GCC_DYNAMIC_NO_PIC = NO;
				GCC_NO_COMMON_BLOCKS = YES;
				GCC_OPTIMIZATION_LEVEL = 0;
				GCC_PREPROCESSOR_DEFINITIONS = (
					"DEBUG=1",
					"$(inherited)",
				);
				GCC_WARN_64_TO_32_BIT_CONVERSION = YES;
				GCC_WARN_ABOUT_RETURN_TYPE = YES_ERROR;
				GCC_WARN_UNDECLARED_SELECTOR = YES;
				GCC_WARN_UNINITIALIZED_AUTOS = YES_AGGRESSIVE;
				GCC_WARN_UNUSED_FUNCTION = YES;
				GCC_WARN_UNUSED_VARIABLE = YES;
				MACOSX_DEPLOYMENT_TARGET = "";
				MTL_ENABLE_DEBUG_INFO = INCLUDE_SOURCE;
				MTL_FAST_MATH = YES;
				ONLY_ACTIVE_ARCH = YES;
				SDKROOT = iphoneos;
				SWIFT_ACTIVE_COMPILATION_CONDITIONS = DEBUG;
				SWIFT_OPTIMIZATION_LEVEL = "-Onone";
				VERSIONING_SYSTEM = "apple-generic";
				VERSION_INFO_PREFIX = "";
			};
			name = Debug;
		};
		947B8F3525CEC1040014C344 /* Release */ = {
			isa = XCBuildConfiguration;
			buildSettings = {
				ALWAYS_SEARCH_USER_PATHS = NO;
				CLANG_ANALYZER_LOCALIZABILITY_NONLOCALIZED = YES;
				CLANG_ANALYZER_NONNULL = YES;
				CLANG_ANALYZER_NUMBER_OBJECT_CONVERSION = YES_AGGRESSIVE;
				CLANG_CXX_LANGUAGE_STANDARD = "gnu++14";
				CLANG_CXX_LIBRARY = "libc++";
				CLANG_ENABLE_MODULES = YES;
				CLANG_ENABLE_OBJC_ARC = YES;
				CLANG_ENABLE_OBJC_WEAK = YES;
				CLANG_WARN_BLOCK_CAPTURE_AUTORELEASING = YES;
				CLANG_WARN_BOOL_CONVERSION = YES;
				CLANG_WARN_COMMA = YES;
				CLANG_WARN_CONSTANT_CONVERSION = YES;
				CLANG_WARN_DEPRECATED_OBJC_IMPLEMENTATIONS = YES;
				CLANG_WARN_DIRECT_OBJC_ISA_USAGE = YES_ERROR;
				CLANG_WARN_DOCUMENTATION_COMMENTS = YES;
				CLANG_WARN_EMPTY_BODY = YES;
				CLANG_WARN_ENUM_CONVERSION = YES;
				CLANG_WARN_INFINITE_RECURSION = YES;
				CLANG_WARN_INT_CONVERSION = YES;
				CLANG_WARN_NON_LITERAL_NULL_CONVERSION = YES;
				CLANG_WARN_OBJC_IMPLICIT_RETAIN_SELF = YES;
				CLANG_WARN_OBJC_LITERAL_CONVERSION = YES;
				CLANG_WARN_OBJC_ROOT_CLASS = YES_ERROR;
				CLANG_WARN_QUOTED_INCLUDE_IN_FRAMEWORK_HEADER = YES;
				CLANG_WARN_RANGE_LOOP_ANALYSIS = YES;
				CLANG_WARN_STRICT_PROTOTYPES = YES;
				CLANG_WARN_SUSPICIOUS_MOVE = YES;
				CLANG_WARN_UNGUARDED_AVAILABILITY = YES_AGGRESSIVE;
				CLANG_WARN_UNREACHABLE_CODE = YES;
				CLANG_WARN__DUPLICATE_METHOD_MATCH = YES;
				COPY_PHASE_STRIP = NO;
				CURRENT_PROJECT_VERSION = 1;
				DEBUG_INFORMATION_FORMAT = "dwarf-with-dsym";
				ENABLE_NS_ASSERTIONS = NO;
				ENABLE_STRICT_OBJC_MSGSEND = YES;
				GCC_C_LANGUAGE_STANDARD = gnu11;
				GCC_NO_COMMON_BLOCKS = YES;
				GCC_WARN_64_TO_32_BIT_CONVERSION = YES;
				GCC_WARN_ABOUT_RETURN_TYPE = YES_ERROR;
				GCC_WARN_UNDECLARED_SELECTOR = YES;
				GCC_WARN_UNINITIALIZED_AUTOS = YES_AGGRESSIVE;
				GCC_WARN_UNUSED_FUNCTION = YES;
				GCC_WARN_UNUSED_VARIABLE = YES;
				MACOSX_DEPLOYMENT_TARGET = "";
				MTL_ENABLE_DEBUG_INFO = NO;
				MTL_FAST_MATH = YES;
				SDKROOT = iphoneos;
				SWIFT_COMPILATION_MODE = wholemodule;
				SWIFT_OPTIMIZATION_LEVEL = "-O";
				VERSIONING_SYSTEM = "apple-generic";
				VERSION_INFO_PREFIX = "";
			};
			name = Release;
		};
		947B8F3725CEC1040014C344 /* Debug */ = {
			isa = XCBuildConfiguration;
			buildSettings = {
				CLANG_ENABLE_MODULES = YES;
				CODE_SIGN_STYLE = Automatic;
				COMBINE_HIDPI_IMAGES = YES;
				DEFINES_MODULE = YES;
				DEVELOPMENT_TEAM = DUXMBCX7D9;
				DYLIB_COMPATIBILITY_VERSION = 1;
				DYLIB_CURRENT_VERSION = 1;
				DYLIB_INSTALL_NAME_BASE = "@rpath";
				INFOPLIST_FILE = EssentialFeed/Info.plist;
				INSTALL_PATH = "$(LOCAL_LIBRARY_DIR)/Frameworks";
				LD_RUNPATH_SEARCH_PATHS = (
					"$(inherited)",
					"@executable_path/../Frameworks",
					"@loader_path/Frameworks",
				);
				MACOSX_DEPLOYMENT_TARGET = 11.0;
				PRODUCT_BUNDLE_IDENTIFIER = de.sehrbrock.matthias.EssentialFeed;
				PRODUCT_NAME = "$(TARGET_NAME:c99extidentifier)";
				SKIP_INSTALL = YES;
				SUPPORTED_PLATFORMS = "macosx iphonesimulator iphoneos";
				SWIFT_OPTIMIZATION_LEVEL = "-Onone";
				SWIFT_VERSION = 5.0;
			};
			name = Debug;
		};
		947B8F3825CEC1040014C344 /* Release */ = {
			isa = XCBuildConfiguration;
			buildSettings = {
				CLANG_ENABLE_MODULES = YES;
				CODE_SIGN_STYLE = Automatic;
				COMBINE_HIDPI_IMAGES = YES;
				DEFINES_MODULE = YES;
				DEVELOPMENT_TEAM = DUXMBCX7D9;
				DYLIB_COMPATIBILITY_VERSION = 1;
				DYLIB_CURRENT_VERSION = 1;
				DYLIB_INSTALL_NAME_BASE = "@rpath";
				INFOPLIST_FILE = EssentialFeed/Info.plist;
				INSTALL_PATH = "$(LOCAL_LIBRARY_DIR)/Frameworks";
				LD_RUNPATH_SEARCH_PATHS = (
					"$(inherited)",
					"@executable_path/../Frameworks",
					"@loader_path/Frameworks",
				);
				MACOSX_DEPLOYMENT_TARGET = 11.0;
				PRODUCT_BUNDLE_IDENTIFIER = de.sehrbrock.matthias.EssentialFeed;
				PRODUCT_NAME = "$(TARGET_NAME:c99extidentifier)";
				SKIP_INSTALL = YES;
				SUPPORTED_PLATFORMS = "macosx iphonesimulator iphoneos";
				SWIFT_VERSION = 5.0;
			};
			name = Release;
		};
		947B8F3A25CEC1040014C344 /* Debug */ = {
			isa = XCBuildConfiguration;
			buildSettings = {
				ALWAYS_EMBED_SWIFT_STANDARD_LIBRARIES = YES;
				CLANG_ENABLE_MODULES = YES;
				CODE_SIGN_STYLE = Automatic;
				COMBINE_HIDPI_IMAGES = YES;
				DEVELOPMENT_TEAM = DUXMBCX7D9;
				INFOPLIST_FILE = EssentialFeedTests/Info.plist;
				LD_RUNPATH_SEARCH_PATHS = (
					"$(inherited)",
					"@executable_path/../Frameworks",
					"@loader_path/../Frameworks",
				);
				MACOSX_DEPLOYMENT_TARGET = 11.0;
				PRODUCT_BUNDLE_IDENTIFIER = de.sehrbrock.matthias.EssentialFeedTests;
				PRODUCT_NAME = "$(TARGET_NAME)";
				SUPPORTED_PLATFORMS = "macosx iphonesimulator iphoneos";
				SWIFT_OPTIMIZATION_LEVEL = "-Onone";
				SWIFT_VERSION = 5.0;
			};
			name = Debug;
		};
		947B8F3B25CEC1040014C344 /* Release */ = {
			isa = XCBuildConfiguration;
			buildSettings = {
				ALWAYS_EMBED_SWIFT_STANDARD_LIBRARIES = YES;
				CLANG_ENABLE_MODULES = YES;
				CODE_SIGN_STYLE = Automatic;
				COMBINE_HIDPI_IMAGES = YES;
				DEVELOPMENT_TEAM = DUXMBCX7D9;
				INFOPLIST_FILE = EssentialFeedTests/Info.plist;
				LD_RUNPATH_SEARCH_PATHS = (
					"$(inherited)",
					"@executable_path/../Frameworks",
					"@loader_path/../Frameworks",
				);
				MACOSX_DEPLOYMENT_TARGET = 11.0;
				PRODUCT_BUNDLE_IDENTIFIER = de.sehrbrock.matthias.EssentialFeedTests;
				PRODUCT_NAME = "$(TARGET_NAME)";
				SUPPORTED_PLATFORMS = "macosx iphonesimulator iphoneos";
				SWIFT_VERSION = 5.0;
			};
			name = Release;
		};
		9491E8BE25EFC9B9005F6CE3 /* Debug */ = {
			isa = XCBuildConfiguration;
			buildSettings = {
				CODE_SIGN_STYLE = Automatic;
				COMBINE_HIDPI_IMAGES = YES;
				DEVELOPMENT_TEAM = DUXMBCX7D9;
				INFOPLIST_FILE = EssentialFeedAPIEndToEndTests/Info.plist;
				LD_RUNPATH_SEARCH_PATHS = (
					"$(inherited)",
					"@executable_path/../Frameworks",
					"@loader_path/../Frameworks",
				);
				MACOSX_DEPLOYMENT_TARGET = 11.0;
				PRODUCT_BUNDLE_IDENTIFIER = de.sehrbrock.matthias.EssentialFeedAPIEndToEndTests;
				PRODUCT_NAME = "$(TARGET_NAME)";
				SUPPORTED_PLATFORMS = "macosx iphonesimulator iphoneos";
				SWIFT_VERSION = 5.0;
			};
			name = Debug;
		};
		9491E8BF25EFC9B9005F6CE3 /* Release */ = {
			isa = XCBuildConfiguration;
			buildSettings = {
				CODE_SIGN_STYLE = Automatic;
				COMBINE_HIDPI_IMAGES = YES;
				DEVELOPMENT_TEAM = DUXMBCX7D9;
				INFOPLIST_FILE = EssentialFeedAPIEndToEndTests/Info.plist;
				LD_RUNPATH_SEARCH_PATHS = (
					"$(inherited)",
					"@executable_path/../Frameworks",
					"@loader_path/../Frameworks",
				);
				MACOSX_DEPLOYMENT_TARGET = 11.0;
				PRODUCT_BUNDLE_IDENTIFIER = de.sehrbrock.matthias.EssentialFeedAPIEndToEndTests;
				PRODUCT_NAME = "$(TARGET_NAME)";
				SUPPORTED_PLATFORMS = "macosx iphonesimulator iphoneos";
				SWIFT_VERSION = 5.0;
			};
			name = Release;
		};
		949653C2264C05590011143C /* Debug */ = {
			isa = XCBuildConfiguration;
			buildSettings = {
				CODE_SIGN_STYLE = Automatic;
				COMBINE_HIDPI_IMAGES = YES;
				DEVELOPMENT_TEAM = DUXMBCX7D9;
				INFOPLIST_FILE = EssentialFeedCacheIntegrationTests/Info.plist;
				LD_RUNPATH_SEARCH_PATHS = (
					"$(inherited)",
					"@executable_path/../Frameworks",
					"@loader_path/../Frameworks",
				);
				MACOSX_DEPLOYMENT_TARGET = 11.0;
				PRODUCT_BUNDLE_IDENTIFIER = sehrbrock.matthias.EssentialFeedCacheIntegrationTests;
				PRODUCT_NAME = "$(TARGET_NAME)";
				SUPPORTED_PLATFORMS = "macosx iphonesimulator iphoneos";
				SWIFT_VERSION = 5.0;
			};
			name = Debug;
		};
		949653C3264C05590011143C /* Release */ = {
			isa = XCBuildConfiguration;
			buildSettings = {
				CODE_SIGN_STYLE = Automatic;
				COMBINE_HIDPI_IMAGES = YES;
				DEVELOPMENT_TEAM = DUXMBCX7D9;
				INFOPLIST_FILE = EssentialFeedCacheIntegrationTests/Info.plist;
				LD_RUNPATH_SEARCH_PATHS = (
					"$(inherited)",
					"@executable_path/../Frameworks",
					"@loader_path/../Frameworks",
				);
				MACOSX_DEPLOYMENT_TARGET = 11.0;
				PRODUCT_BUNDLE_IDENTIFIER = sehrbrock.matthias.EssentialFeedCacheIntegrationTests;
				PRODUCT_NAME = "$(TARGET_NAME)";
				SUPPORTED_PLATFORMS = "macosx iphonesimulator iphoneos";
				SWIFT_VERSION = 5.0;
			};
			name = Release;
		};
		94AB1F4B264EBD7A004587CD /* Debug */ = {
			isa = XCBuildConfiguration;
			buildSettings = {
				CLANG_ENABLE_MODULES = YES;
				CODE_SIGN_STYLE = Automatic;
				DEFINES_MODULE = YES;
				DEVELOPMENT_TEAM = DUXMBCX7D9;
				DYLIB_COMPATIBILITY_VERSION = 1;
				DYLIB_CURRENT_VERSION = 1;
				DYLIB_INSTALL_NAME_BASE = "@rpath";
				INFOPLIST_FILE = EssentialFeediOS/Info.plist;
				INSTALL_PATH = "$(LOCAL_LIBRARY_DIR)/Frameworks";
				IPHONEOS_DEPLOYMENT_TARGET = 14.5;
				LD_RUNPATH_SEARCH_PATHS = (
					"$(inherited)",
					"@executable_path/Frameworks",
					"@loader_path/Frameworks",
				);
				PRODUCT_BUNDLE_IDENTIFIER = sehrbrock.matthias.EssentialFeediOS;
				PRODUCT_NAME = "$(TARGET_NAME:c99extidentifier)";
				SDKROOT = iphoneos;
				SKIP_INSTALL = YES;
				SUPPORTS_MACCATALYST = NO;
				SWIFT_OPTIMIZATION_LEVEL = "-Onone";
				SWIFT_VERSION = 5.0;
				TARGETED_DEVICE_FAMILY = "1,2";
			};
			name = Debug;
		};
		94AB1F4C264EBD7A004587CD /* Release */ = {
			isa = XCBuildConfiguration;
			buildSettings = {
				CLANG_ENABLE_MODULES = YES;
				CODE_SIGN_STYLE = Automatic;
				DEFINES_MODULE = YES;
				DEVELOPMENT_TEAM = DUXMBCX7D9;
				DYLIB_COMPATIBILITY_VERSION = 1;
				DYLIB_CURRENT_VERSION = 1;
				DYLIB_INSTALL_NAME_BASE = "@rpath";
				INFOPLIST_FILE = EssentialFeediOS/Info.plist;
				INSTALL_PATH = "$(LOCAL_LIBRARY_DIR)/Frameworks";
				IPHONEOS_DEPLOYMENT_TARGET = 14.5;
				LD_RUNPATH_SEARCH_PATHS = (
					"$(inherited)",
					"@executable_path/Frameworks",
					"@loader_path/Frameworks",
				);
				PRODUCT_BUNDLE_IDENTIFIER = sehrbrock.matthias.EssentialFeediOS;
				PRODUCT_NAME = "$(TARGET_NAME:c99extidentifier)";
				SDKROOT = iphoneos;
				SKIP_INSTALL = YES;
				SUPPORTS_MACCATALYST = NO;
				SWIFT_VERSION = 5.0;
				TARGETED_DEVICE_FAMILY = "1,2";
				VALIDATE_PRODUCT = YES;
			};
			name = Release;
		};
		94AB1F4E264EBD7A004587CD /* Debug */ = {
			isa = XCBuildConfiguration;
			buildSettings = {
				ALWAYS_EMBED_SWIFT_STANDARD_LIBRARIES = YES;
				CLANG_ENABLE_MODULES = YES;
				CODE_SIGN_STYLE = Automatic;
				DEVELOPMENT_TEAM = DUXMBCX7D9;
				INFOPLIST_FILE = EssentialFeediOSTests/Info.plist;
				IPHONEOS_DEPLOYMENT_TARGET = 14.5;
				LD_RUNPATH_SEARCH_PATHS = (
					"$(inherited)",
					"@executable_path/Frameworks",
					"@loader_path/Frameworks",
				);
				PRODUCT_BUNDLE_IDENTIFIER = sehrbrock.matthias.EssentialFeediOSTests;
				PRODUCT_NAME = "$(TARGET_NAME)";
				SDKROOT = iphoneos;
				SUPPORTS_MACCATALYST = NO;
				SWIFT_OBJC_BRIDGING_HEADER = "EssentialFeediOSTests/EssentialFeediOSTests-Bridging-Header.h";
				SWIFT_OPTIMIZATION_LEVEL = "-Onone";
				SWIFT_VERSION = 5.0;
				TARGETED_DEVICE_FAMILY = "1,2";
			};
			name = Debug;
		};
		94AB1F4F264EBD7A004587CD /* Release */ = {
			isa = XCBuildConfiguration;
			buildSettings = {
				ALWAYS_EMBED_SWIFT_STANDARD_LIBRARIES = YES;
				CLANG_ENABLE_MODULES = YES;
				CODE_SIGN_STYLE = Automatic;
				DEVELOPMENT_TEAM = DUXMBCX7D9;
				INFOPLIST_FILE = EssentialFeediOSTests/Info.plist;
				IPHONEOS_DEPLOYMENT_TARGET = 14.5;
				LD_RUNPATH_SEARCH_PATHS = (
					"$(inherited)",
					"@executable_path/Frameworks",
					"@loader_path/Frameworks",
				);
				PRODUCT_BUNDLE_IDENTIFIER = sehrbrock.matthias.EssentialFeediOSTests;
				PRODUCT_NAME = "$(TARGET_NAME)";
				SDKROOT = iphoneos;
				SUPPORTS_MACCATALYST = NO;
				SWIFT_OBJC_BRIDGING_HEADER = "EssentialFeediOSTests/EssentialFeediOSTests-Bridging-Header.h";
				SWIFT_VERSION = 5.0;
				TARGETED_DEVICE_FAMILY = "1,2";
				VALIDATE_PRODUCT = YES;
			};
			name = Release;
		};
/* End XCBuildConfiguration section */

/* Begin XCConfigurationList section */
		947B8F1C25CEC1040014C344 /* Build configuration list for PBXProject "EssentialFeed" */ = {
			isa = XCConfigurationList;
			buildConfigurations = (
				947B8F3425CEC1040014C344 /* Debug */,
				947B8F3525CEC1040014C344 /* Release */,
			);
			defaultConfigurationIsVisible = 0;
			defaultConfigurationName = Release;
		};
		947B8F3625CEC1040014C344 /* Build configuration list for PBXNativeTarget "EssentialFeed" */ = {
			isa = XCConfigurationList;
			buildConfigurations = (
				947B8F3725CEC1040014C344 /* Debug */,
				947B8F3825CEC1040014C344 /* Release */,
			);
			defaultConfigurationIsVisible = 0;
			defaultConfigurationName = Release;
		};
		947B8F3925CEC1040014C344 /* Build configuration list for PBXNativeTarget "EssentialFeedTests" */ = {
			isa = XCConfigurationList;
			buildConfigurations = (
				947B8F3A25CEC1040014C344 /* Debug */,
				947B8F3B25CEC1040014C344 /* Release */,
			);
			defaultConfigurationIsVisible = 0;
			defaultConfigurationName = Release;
		};
		9491E8BD25EFC9B9005F6CE3 /* Build configuration list for PBXNativeTarget "EssentialFeedAPIEndToEndTests" */ = {
			isa = XCConfigurationList;
			buildConfigurations = (
				9491E8BE25EFC9B9005F6CE3 /* Debug */,
				9491E8BF25EFC9B9005F6CE3 /* Release */,
			);
			defaultConfigurationIsVisible = 0;
			defaultConfigurationName = Release;
		};
		949653C4264C05590011143C /* Build configuration list for PBXNativeTarget "EssentialFeedCacheIntegrationTests" */ = {
			isa = XCConfigurationList;
			buildConfigurations = (
				949653C2264C05590011143C /* Debug */,
				949653C3264C05590011143C /* Release */,
			);
			defaultConfigurationIsVisible = 0;
			defaultConfigurationName = Release;
		};
		94AB1F4A264EBD7A004587CD /* Build configuration list for PBXNativeTarget "EssentialFeediOS" */ = {
			isa = XCConfigurationList;
			buildConfigurations = (
				94AB1F4B264EBD7A004587CD /* Debug */,
				94AB1F4C264EBD7A004587CD /* Release */,
			);
			defaultConfigurationIsVisible = 0;
			defaultConfigurationName = Release;
		};
		94AB1F4D264EBD7A004587CD /* Build configuration list for PBXNativeTarget "EssentialFeediOSTests" */ = {
			isa = XCConfigurationList;
			buildConfigurations = (
				94AB1F4E264EBD7A004587CD /* Debug */,
				94AB1F4F264EBD7A004587CD /* Release */,
			);
			defaultConfigurationIsVisible = 0;
			defaultConfigurationName = Release;
		};
/* End XCConfigurationList section */

/* Begin XCVersionGroup section */
		947F17682624372300CCED6F /* FeedStore.xcdatamodeld */ = {
			isa = XCVersionGroup;
			children = (
				947F17692624372300CCED6F /* FeedStore.xcdatamodel */,
			);
			currentVersion = 947F17692624372300CCED6F /* FeedStore.xcdatamodel */;
			path = FeedStore.xcdatamodeld;
			sourceTree = "<group>";
			versionGroupType = wrapper.xcdatamodel;
		};
/* End XCVersionGroup section */
	};
	rootObject = 947B8F1925CEC1040014C344 /* Project object */;
}
